
Microsoft Visual Studio Solution File, Format Version 12.00
# Visual Studio Version 16
VisualStudioVersion = 16.0.30128.74
MinimumVisualStudioVersion = 10.0.40219.1
Project("{9A19103F-16F7-4668-BE54-9A1E7A4F7556}") = "provider", "provider.csproj", "{FCAA2D4B-455D-4DFF-BA14-C9C6E5BC6873}"
EndProject
Project("{9A19103F-16F7-4668-BE54-9A1E7A4F7556}") = "tests", "..\tests\tests.csproj", "{65FF1CC6-7A96-4EBA-8945-A1DB22F78198}"
EndProject
Global
	GlobalSection(SolutionConfigurationPlatforms) = preSolution
		Debug|Any CPU = Debug|Any CPU
		Release|Any CPU = Release|Any CPU
	EndGlobalSection
	GlobalSection(ProjectConfigurationPlatforms) = postSolution
		{FCAA2D4B-455D-4DFF-BA14-C9C6E5BC6873}.Debug|Any CPU.ActiveCfg = Debug|Any CPU
		{FCAA2D4B-455D-4DFF-BA14-C9C6E5BC6873}.Debug|Any CPU.Build.0 = Debug|Any CPU
		{FCAA2D4B-455D-4DFF-BA14-C9C6E5BC6873}.Release|Any CPU.ActiveCfg = Release|Any CPU
		{FCAA2D4B-455D-4DFF-BA14-C9C6E5BC6873}.Release|Any CPU.Build.0 = Release|Any CPU
		{65FF1CC6-7A96-4EBA-8945-A1DB22F78198}.Debug|Any CPU.ActiveCfg = Debug|Any CPU
		{65FF1CC6-7A96-4EBA-8945-A1DB22F78198}.Debug|Any CPU.Build.0 = Debug|Any CPU
		{65FF1CC6-7A96-4EBA-8945-A1DB22F78198}.Release|Any CPU.ActiveCfg = Release|Any CPU
		{65FF1CC6-7A96-4EBA-8945-A1DB22F78198}.Release|Any CPU.Build.0 = Release|Any CPU
	EndGlobalSection
	GlobalSection(SolutionProperties) = preSolution
		HideSolutionNode = FALSE
	EndGlobalSection
	GlobalSection(ExtensibilityGlobals) = postSolution
		SolutionGuid = {51603A11-A4F6-4C18-870E-E2C093A23723}
	EndGlobalSection
EndGlobal
